
Microsoft Visual Studio Solution File, Format Version 12.00
# Visual Studio Version 16
VisualStudioVersion = 16.0.34031.81
MinimumVisualStudioVersion = 10.0.40219.1
Project("{FAE04EC0-301F-11D3-BF4B-00C04F79EFBC}") = "Laboratorna3", "Laboratorna3\Laboratorna3.csproj", "{126E2113-BE2F-472A-B844-8B71A883FA78}"
EndProject
Global
	GlobalSection(SolutionConfigurationPlatforms) = preSolution
		Debug|Any CPU = Debug|Any CPU
		Release|Any CPU = Release|Any CPU
	EndGlobalSection
	GlobalSection(ProjectConfigurationPlatforms) = postSolution
		{126E2113-BE2F-472A-B844-8B71A883FA78}.Debug|Any CPU.ActiveCfg = Debug|Any CPU
		{126E2113-BE2F-472A-B844-8B71A883FA78}.Debug|Any CPU.Build.0 = Debug|Any CPU
		{126E2113-BE2F-472A-B844-8B71A883FA78}.Release|Any CPU.ActiveCfg = Release|Any CPU
		{126E2113-BE2F-472A-B844-8B71A883FA78}.Release|Any CPU.Build.0 = Release|Any CPU
	EndGlobalSection
	GlobalSection(SolutionProperties) = preSolution
		HideSolutionNode = FALSE
	EndGlobalSection
	GlobalSection(ExtensibilityGlobals) = postSolution
		SolutionGuid = {D5A3C311-0FE5-4A74-AEA2-81E701652D87}
	EndGlobalSection
EndGlobal
